
Microsoft Visual Studio Solution File, Format Version 12.00
# Visual Studio Version 17
VisualStudioVersion = 17.3.32811.315
MinimumVisualStudioVersion = 10.0.40219.1
Project("{FAE04EC0-301F-11D3-BF4B-00C04F79EFBC}") = "LanchesComerce", "LanchesComerce\LanchesComerce.csproj", "{0391788E-04FE-4DBA-AA1D-7E18D2EC830D}"
EndProject
Global
	GlobalSection(SolutionConfigurationPlatforms) = preSolution
		Debug|Any CPU = Debug|Any CPU
		Release|Any CPU = Release|Any CPU
	EndGlobalSection
	GlobalSection(ProjectConfigurationPlatforms) = postSolution
		{0391788E-04FE-4DBA-AA1D-7E18D2EC830D}.Debug|Any CPU.ActiveCfg = Debug|Any CPU
		{0391788E-04FE-4DBA-AA1D-7E18D2EC830D}.Debug|Any CPU.Build.0 = Debug|Any CPU
		{0391788E-04FE-4DBA-AA1D-7E18D2EC830D}.Release|Any CPU.ActiveCfg = Release|Any CPU
		{0391788E-04FE-4DBA-AA1D-7E18D2EC830D}.Release|Any CPU.Build.0 = Release|Any CPU
	EndGlobalSection
	GlobalSection(SolutionProperties) = preSolution
		HideSolutionNode = FALSE
	EndGlobalSection
	GlobalSection(ExtensibilityGlobals) = postSolution
		SolutionGuid = {A6DE61FF-963F-4EB7-9306-61731498B712}
	EndGlobalSection
EndGlobal
